dependencies:
  espressif/es8311:
    component_hash: 3cd8d5d698097bc27b5be1481f8eac30660e4579754622642a3c0576cb49b5e0
    source:
      service_url: https://api.components.espressif.com/
      type: service
    version: 0.0.2-alpha
  idf:
    component_hash: null
    source:
      type: idf
    version: 4.4.0
manifest_hash: ea5fe73636564eebfebf51f72c6118cb56ec2e3697b8124777f63cde8de72897
target: esp32s2
version: 1.0.0
